{
  "name": "won",
  "version": "1.0.0",
  "lockfileVersion": 1,
  "requires": true,
  "dependencies": {
    "wakeonlan": {
      "version": "0.1.0",
      "resolved": "https://registry.npmjs.org/wakeonlan/-/wakeonlan-0.1.0.tgz",
      "integrity": "sha512-jsXuN8l7B21g7V276kV/30I/9AxZJ0xFGRWSAjl+Q1MBPiV91DPnYSOT6AhpeNhsaFCweFvcmadjqZ8ZGnYfXQ=="
    }
  }
}
